
Microsoft Visual Studio Solution File, Format Version 12.00
# Visual Studio Version 16
VisualStudioVersion = 16.0.32802.440
MinimumVisualStudioVersion = 10.0.40219.1
Project("{FAE04EC0-301F-11D3-BF4B-00C04F79EFBC}") = "biblioteca", "biblioteca\biblioteca.csproj", "{ED33B8E3-0FC4-4E4D-9CDE-58C353291A05}"
EndProject
Global
	GlobalSection(SolutionConfigurationPlatforms) = preSolution
		Debug|Any CPU = Debug|Any CPU
		Release|Any CPU = Release|Any CPU
	EndGlobalSection
	GlobalSection(ProjectConfigurationPlatforms) = postSolution
		{ED33B8E3-0FC4-4E4D-9CDE-58C353291A05}.Debug|Any CPU.ActiveCfg = Debug|Any CPU
		{ED33B8E3-0FC4-4E4D-9CDE-58C353291A05}.Debug|Any CPU.Build.0 = Debug|Any CPU
		{ED33B8E3-0FC4-4E4D-9CDE-58C353291A05}.Release|Any CPU.ActiveCfg = Release|Any CPU
		{ED33B8E3-0FC4-4E4D-9CDE-58C353291A05}.Release|Any CPU.Build.0 = Release|Any CPU
	EndGlobalSection
	GlobalSection(SolutionProperties) = preSolution
		HideSolutionNode = FALSE
	EndGlobalSection
	GlobalSection(ExtensibilityGlobals) = postSolution
		SolutionGuid = {54440A27-9ACB-4DEC-9A24-674EEFAB1683}
	EndGlobalSection
EndGlobal
